
Microsoft Visual Studio Solution File, Format Version 12.00
# Visual Studio Version 16
VisualStudioVersion = 16.0.31729.503
MinimumVisualStudioVersion = 10.0.40219.1
Project("{FAE04EC0-301F-11D3-BF4B-00C04F79EFBC}") = "ShoppingCart", "ShoppingCart\ShoppingCart.csproj", "{C7E73205-CD69-4357-ABD4-D8E630CDDF05}"
EndProject
Project("{FAE04EC0-301F-11D3-BF4B-00C04F79EFBC}") = "ShoppingCart.Core", "ShoppingCart.Core\ShoppingCart.Core.csproj", "{736D7362-965A-48B1-AED2-6C103BD7C8D5}"
EndProject
Project("{FAE04EC0-301F-11D3-BF4B-00C04F79EFBC}") = "ShoppingCart.UT", "ShoppingCart.UT\ShoppingCart.UT.csproj", "{D88E8DB8-D727-4890-88CA-E98FE33E5D7B}"
EndProject
Global
	GlobalSection(SolutionConfigurationPlatforms) = preSolution
		Debug|Any CPU = Debug|Any CPU
		Release|Any CPU = Release|Any CPU
	EndGlobalSection
	GlobalSection(ProjectConfigurationPlatforms) = postSolution
		{C7E73205-CD69-4357-ABD4-D8E630CDDF05}.Debug|Any CPU.ActiveCfg = Debug|Any CPU
		{C7E73205-CD69-4357-ABD4-D8E630CDDF05}.Debug|Any CPU.Build.0 = Debug|Any CPU
		{C7E73205-CD69-4357-ABD4-D8E630CDDF05}.Release|Any CPU.ActiveCfg = Release|Any CPU
		{C7E73205-CD69-4357-ABD4-D8E630CDDF05}.Release|Any CPU.Build.0 = Release|Any CPU
		{736D7362-965A-48B1-AED2-6C103BD7C8D5}.Debug|Any CPU.ActiveCfg = Debug|Any CPU
		{736D7362-965A-48B1-AED2-6C103BD7C8D5}.Debug|Any CPU.Build.0 = Debug|Any CPU
		{736D7362-965A-48B1-AED2-6C103BD7C8D5}.Release|Any CPU.ActiveCfg = Release|Any CPU
		{736D7362-965A-48B1-AED2-6C103BD7C8D5}.Release|Any CPU.Build.0 = Release|Any CPU
		{D88E8DB8-D727-4890-88CA-E98FE33E5D7B}.Debug|Any CPU.ActiveCfg = Debug|Any CPU
		{D88E8DB8-D727-4890-88CA-E98FE33E5D7B}.Debug|Any CPU.Build.0 = Debug|Any CPU
		{D88E8DB8-D727-4890-88CA-E98FE33E5D7B}.Release|Any CPU.ActiveCfg = Release|Any CPU
		{D88E8DB8-D727-4890-88CA-E98FE33E5D7B}.Release|Any CPU.Build.0 = Release|Any CPU
	EndGlobalSection
	GlobalSection(SolutionProperties) = preSolution
		HideSolutionNode = FALSE
	EndGlobalSection
	GlobalSection(ExtensibilityGlobals) = postSolution
		SolutionGuid = {2374916C-0F24-4B5F-B07A-FA2B9876C3AE}
	EndGlobalSection
EndGlobal
